
Microsoft Visual Studio Solution File, Format Version 12.00
# Visual Studio Version 17
VisualStudioVersion = 17.5.33424.131
MinimumVisualStudioVersion = 10.0.40219.1
Project("{FAE04EC0-301F-11D3-BF4B-00C04F79EFBC}") = "eTickets", "eTickets\eTickets.csproj", "{01CAA45E-FD4D-4A97-B8A9-16911B1AFDBD}"
EndProject
Global
	GlobalSection(SolutionConfigurationPlatforms) = preSolution
		Debug|Any CPU = Debug|Any CPU
		Release|Any CPU = Release|Any CPU
	EndGlobalSection
	GlobalSection(ProjectConfigurationPlatforms) = postSolution
		{01CAA45E-FD4D-4A97-B8A9-16911B1AFDBD}.Debug|Any CPU.ActiveCfg = Debug|Any CPU
		{01CAA45E-FD4D-4A97-B8A9-16911B1AFDBD}.Debug|Any CPU.Build.0 = Debug|Any CPU
		{01CAA45E-FD4D-4A97-B8A9-16911B1AFDBD}.Release|Any CPU.ActiveCfg = Release|Any CPU
		{01CAA45E-FD4D-4A97-B8A9-16911B1AFDBD}.Release|Any CPU.Build.0 = Release|Any CPU
	EndGlobalSection
	GlobalSection(SolutionProperties) = preSolution
		HideSolutionNode = FALSE
	EndGlobalSection
	GlobalSection(ExtensibilityGlobals) = postSolution
		SolutionGuid = {632E7CEA-D780-4136-B5AD-AC9A284EC0B8}
	EndGlobalSection
EndGlobal
